
Microsoft Visual Studio Solution File, Format Version 12.00
# Visual Studio 15
VisualStudioVersion = 15.0.28307.960
MinimumVisualStudioVersion = 10.0.40219.1
Project("{00D1A9C2-B5F0-4AF3-8072-F6C62B433612}") = "etldb", "etldb\etldb.sqlproj", "{FE314B0A-EF70-49AE-992F-6A77C43EDBBB}"
EndProject
Global
	GlobalSection(SolutionConfigurationPlatforms) = preSolution
		Debug|Any CPU = Debug|Any CPU
		Release|Any CPU = Release|Any CPU
	EndGlobalSection
	GlobalSection(ProjectConfigurationPlatforms) = postSolution
		{FE314B0A-EF70-49AE-992F-6A77C43EDBBB}.Debug|Any CPU.ActiveCfg = Debug|Any CPU
		{FE314B0A-EF70-49AE-992F-6A77C43EDBBB}.Debug|Any CPU.Build.0 = Debug|Any CPU
		{FE314B0A-EF70-49AE-992F-6A77C43EDBBB}.Debug|Any CPU.Deploy.0 = Debug|Any CPU
		{FE314B0A-EF70-49AE-992F-6A77C43EDBBB}.Release|Any CPU.ActiveCfg = Release|Any CPU
		{FE314B0A-EF70-49AE-992F-6A77C43EDBBB}.Release|Any CPU.Build.0 = Release|Any CPU
		{FE314B0A-EF70-49AE-992F-6A77C43EDBBB}.Release|Any CPU.Deploy.0 = Release|Any CPU
	EndGlobalSection
	GlobalSection(SolutionProperties) = preSolution
		HideSolutionNode = FALSE
	EndGlobalSection
	GlobalSection(ExtensibilityGlobals) = postSolution
		SolutionGuid = {9D09C65E-6384-4369-83CF-E7E828CB5856}
	EndGlobalSection
EndGlobal
